
Microsoft Visual Studio Solution File, Format Version 12.00
# Visual Studio Version 16
VisualStudioVersion = 16.0.31702.278
MinimumVisualStudioVersion = 10.0.40219.1
Project("{9A19103F-16F7-4668-BE54-9A1E7A4F7556}") = "DelegateVariant", "DelegateVariant\DelegateVariant.csproj", "{C83ED16C-5794-4B31-BF59-D6525C92E681}"
EndProject
Project("{9A19103F-16F7-4668-BE54-9A1E7A4F7556}") = "ActFunkPred", "ActFunkPred\ActFunkPred.csproj", "{5B98CD10-64E1-483D-9F8D-441358ECD6A2}"
EndProject
Global
	GlobalSection(SolutionConfigurationPlatforms) = preSolution
		Debug|Any CPU = Debug|Any CPU
		Release|Any CPU = Release|Any CPU
	EndGlobalSection
	GlobalSection(ProjectConfigurationPlatforms) = postSolution
		{C83ED16C-5794-4B31-BF59-D6525C92E681}.Debug|Any CPU.ActiveCfg = Debug|Any CPU
		{C83ED16C-5794-4B31-BF59-D6525C92E681}.Debug|Any CPU.Build.0 = Debug|Any CPU
		{C83ED16C-5794-4B31-BF59-D6525C92E681}.Release|Any CPU.ActiveCfg = Release|Any CPU
		{C83ED16C-5794-4B31-BF59-D6525C92E681}.Release|Any CPU.Build.0 = Release|Any CPU
		{5B98CD10-64E1-483D-9F8D-441358ECD6A2}.Debug|Any CPU.ActiveCfg = Debug|Any CPU
		{5B98CD10-64E1-483D-9F8D-441358ECD6A2}.Debug|Any CPU.Build.0 = Debug|Any CPU
		{5B98CD10-64E1-483D-9F8D-441358ECD6A2}.Release|Any CPU.ActiveCfg = Release|Any CPU
		{5B98CD10-64E1-483D-9F8D-441358ECD6A2}.Release|Any CPU.Build.0 = Release|Any CPU
	EndGlobalSection
	GlobalSection(SolutionProperties) = preSolution
		HideSolutionNode = FALSE
	EndGlobalSection
	GlobalSection(ExtensibilityGlobals) = postSolution
		SolutionGuid = {E61DEA22-1E00-44B7-A97C-3BD84F58557F}
	EndGlobalSection
EndGlobal
